# THIS IS AN AUTOGENERATED FILE. DO NOT EDIT THIS FILE DIRECTLY.
# yarn lockfile v1


howler@^2.2.3:
  version "2.2.3"
  resolved "https://registry.yarnpkg.com/howler/-/howler-2.2.3.tgz#a2eff9b08b586798e7a2ee17a602a90df28715da"
  integrity sha512-QM0FFkw0LRX1PR8pNzJVAY25JhIWvbKMBFM4gqk+QdV+kPXOhleWGCB6AiAF/goGjIHK2e/nIElplvjQwhr0jg==

yarn@^1.22.15:
  version "1.22.15"
  resolved "https://registry.yarnpkg.com/yarn/-/yarn-1.22.15.tgz#3431d5f134d3c752a57a9dd7f5e1167627ca3cc3"
  integrity sha512-AzoEDxj256BOS/jqDXA3pjyhmi4FRBBUMgYoTHI4EIt2EhREkvH0soPVEtnD+DQIJfU5R9bKhcZ1H9l8zPWeoA==
